
Microsoft Visual Studio Solution File, Format Version 12.00
# Visual Studio Version 16
VisualStudioVersion = 16.0.29728.190
MinimumVisualStudioVersion = 10.0.40219.1
Project("{FAE04EC0-301F-11D3-BF4B-00C04F79EFBC}") = "VideoRecoder", "VideoRecoder.csproj", "{0F9E1F8C-18B7-4AF9-AD25-11733D61E620}"
EndProject
Global
	GlobalSection(SolutionConfigurationPlatforms) = preSolution
		Debug|Any CPU = Debug|Any CPU
		Release|Any CPU = Release|Any CPU
	EndGlobalSection
	GlobalSection(ProjectConfigurationPlatforms) = postSolution
		{0F9E1F8C-18B7-4AF9-AD25-11733D61E620}.Debug|Any CPU.ActiveCfg = Debug|Any CPU
		{0F9E1F8C-18B7-4AF9-AD25-11733D61E620}.Debug|Any CPU.Build.0 = Debug|Any CPU
		{0F9E1F8C-18B7-4AF9-AD25-11733D61E620}.Release|Any CPU.ActiveCfg = Release|Any CPU
		{0F9E1F8C-18B7-4AF9-AD25-11733D61E620}.Release|Any CPU.Build.0 = Release|Any CPU
	EndGlobalSection
	GlobalSection(SolutionProperties) = preSolution
		HideSolutionNode = FALSE
	EndGlobalSection
	GlobalSection(ExtensibilityGlobals) = postSolution
		SolutionGuid = {66918ADC-1EEF-48D5-A994-9B7D7E2D2832}
	EndGlobalSection
EndGlobal
